
Microsoft Visual Studio Solution File, Format Version 12.00
# Visual Studio Version 17
VisualStudioVersion = 17.0.31903.59
MinimumVisualStudioVersion = 10.0.40219.1
Project("{9A19103F-16F7-4668-BE54-9A1E7A4F7556}") = "AssimpNet", "AssimpNet\AssimpNet.csproj", "{3415FF29-C0BE-44FC-AD34-94796118E690}"
	ProjectSection(ProjectDependencies) = postProject
		{EA4EF0BE-B8A9-4149-8B5A-7E353AD628C0} = {EA4EF0BE-B8A9-4149-8B5A-7E353AD628C0}
	EndProjectSection
EndProject
Project("{9A19103F-16F7-4668-BE54-9A1E7A4F7556}") = "AssimpNet.Interop.Generator", "AssimpNet.Interop.Generator\AssimpNet.Interop.Generator.csproj", "{EA4EF0BE-B8A9-4149-8B5A-7E353AD628C0}"
EndProject
Global
	GlobalSection(SolutionConfigurationPlatforms) = preSolution
		Debug|Any CPU = Debug|Any CPU
		Release|Any CPU = Release|Any CPU
	EndGlobalSection
	GlobalSection(ProjectConfigurationPlatforms) = postSolution
		{3415FF29-C0BE-44FC-AD34-94796118E690}.Debug|Any CPU.ActiveCfg = Debug|Any CPU
		{3415FF29-C0BE-44FC-AD34-94796118E690}.Debug|Any CPU.Build.0 = Debug|Any CPU
		{3415FF29-C0BE-44FC-AD34-94796118E690}.Release|Any CPU.ActiveCfg = Release|Any CPU
		{3415FF29-C0BE-44FC-AD34-94796118E690}.Release|Any CPU.Build.0 = Release|Any CPU
		{EA4EF0BE-B8A9-4149-8B5A-7E353AD628C0}.Debug|Any CPU.ActiveCfg = Debug|Any CPU
		{EA4EF0BE-B8A9-4149-8B5A-7E353AD628C0}.Debug|Any CPU.Build.0 = Debug|Any CPU
		{EA4EF0BE-B8A9-4149-8B5A-7E353AD628C0}.Release|Any CPU.ActiveCfg = Release|Any CPU
		{EA4EF0BE-B8A9-4149-8B5A-7E353AD628C0}.Release|Any CPU.Build.0 = Release|Any CPU
	EndGlobalSection
	GlobalSection(SolutionProperties) = preSolution
		HideSolutionNode = FALSE
	EndGlobalSection
	GlobalSection(ExtensibilityGlobals) = postSolution
		SolutionGuid = {40068DB9-A5D7-4053-AC8A-B781DCCA71A2}
	EndGlobalSection
	GlobalSection(SubversionScc) = preSolution
		Svn-Managed = True
		Manager = AnkhSVN - Subversion Support for Visual Studio
	EndGlobalSection
EndGlobal
